
Microsoft Visual Studio Solution File, Format Version 12.00
# Visual Studio Version 17
VisualStudioVersion = 17.12.35527.113
MinimumVisualStudioVersion = 10.0.40219.1
Project("{9A19103F-16F7-4668-BE54-9A1E7A4F7556}") = "DalTest", "DalTest\DalTest.csproj", "{FA74A019-CB63-48E3-83A0-374ACEC366D1}"
EndProject
Project("{9A19103F-16F7-4668-BE54-9A1E7A4F7556}") = "DalFacade", "DalFacade\DalFacade.csproj", "{52349676-F937-4E47-A576-3C196B01C814}"
EndProject
Project("{9A19103F-16F7-4668-BE54-9A1E7A4F7556}") = "DalList", "DalList\DalList.csproj", "{D1E39BEE-2088-4284-949C-065DEB9313A9}"
EndProject
Project("{FAE04EC0-301F-11D3-BF4B-00C04F79EFBC}") = "Tools", "Tools\Tools.csproj", "{7E95C23D-2DB4-459E-9705-7DAEE51BEA65}"
EndProject
Global
	GlobalSection(SolutionConfigurationPlatforms) = preSolution
		Debug|Any CPU = Debug|Any CPU
		Release|Any CPU = Release|Any CPU
	EndGlobalSection
	GlobalSection(ProjectConfigurationPlatforms) = postSolution
		{FA74A019-CB63-48E3-83A0-374ACEC366D1}.Debug|Any CPU.ActiveCfg = Debug|Any CPU
		{FA74A019-CB63-48E3-83A0-374ACEC366D1}.Debug|Any CPU.Build.0 = Debug|Any CPU
		{FA74A019-CB63-48E3-83A0-374ACEC366D1}.Release|Any CPU.ActiveCfg = Release|Any CPU
		{FA74A019-CB63-48E3-83A0-374ACEC366D1}.Release|Any CPU.Build.0 = Release|Any CPU
		{52349676-F937-4E47-A576-3C196B01C814}.Debug|Any CPU.ActiveCfg = Debug|Any CPU
		{52349676-F937-4E47-A576-3C196B01C814}.Debug|Any CPU.Build.0 = Debug|Any CPU
		{52349676-F937-4E47-A576-3C196B01C814}.Release|Any CPU.ActiveCfg = Release|Any CPU
		{52349676-F937-4E47-A576-3C196B01C814}.Release|Any CPU.Build.0 = Release|Any CPU
		{D1E39BEE-2088-4284-949C-065DEB9313A9}.Debug|Any CPU.ActiveCfg = Debug|Any CPU
		{D1E39BEE-2088-4284-949C-065DEB9313A9}.Debug|Any CPU.Build.0 = Debug|Any CPU
		{D1E39BEE-2088-4284-949C-065DEB9313A9}.Release|Any CPU.ActiveCfg = Release|Any CPU
		{D1E39BEE-2088-4284-949C-065DEB9313A9}.Release|Any CPU.Build.0 = Release|Any CPU
		{7E95C23D-2DB4-459E-9705-7DAEE51BEA65}.Debug|Any CPU.ActiveCfg = Debug|Any CPU
		{7E95C23D-2DB4-459E-9705-7DAEE51BEA65}.Debug|Any CPU.Build.0 = Debug|Any CPU
		{7E95C23D-2DB4-459E-9705-7DAEE51BEA65}.Release|Any CPU.ActiveCfg = Release|Any CPU
		{7E95C23D-2DB4-459E-9705-7DAEE51BEA65}.Release|Any CPU.Build.0 = Release|Any CPU
	EndGlobalSection
	GlobalSection(SolutionProperties) = preSolution
		HideSolutionNode = FALSE
	EndGlobalSection
	GlobalSection(ExtensibilityGlobals) = postSolution
		SolutionGuid = {965787D9-34C0-4755-A508-13405FD17BDC}
	EndGlobalSection
EndGlobal
